{
  "name": "all-in-commonjs",
  "version": "1.0.0",
  "lockfileVersion": 1,
  "requires": true,
  "dependencies": {
    "@tomato-js/array": {
      "version": "0.0.8",
      "resolved": "https://registry.npmjs.org/@tomato-js/array/-/array-0.0.8.tgz",
      "integrity": "sha512-BwbbfhML0FnliOhY4VuJuXrFJy0BXkPi43gjWF+Hz/oPMlTGHHrCjMS9r71px6snq0x4cCr50UPodToVt+/hsQ==",
      "requires": {
        "@tomato-js/shared": "0.0.8"
      }
    },
    "@tomato-js/element": {
      "version": "0.0.8",
      "resolved": "https://registry.npmjs.org/@tomato-js/element/-/element-0.0.8.tgz",
      "integrity": "sha512-7+qcb5jmJohqTwUTsVqIZbD4PliFDhgCLldtZBHofZEC3vcuAy70kPAEIE+zyPKzBSU657YZT/lBoAP/4lLBHQ==",
      "requires": {
        "@tomato-js/shared": "0.0.8"
      }
    },
    "@tomato-js/entry": {
      "version": "0.0.8",
      "resolved": "https://registry.npmjs.org/@tomato-js/entry/-/entry-0.0.8.tgz",
      "integrity": "sha512-Fvy49aqby9sJhGzbwyncWLTi5O3ZJhIJ+2HObo8a0yrl45Je+pvX1duCN7z9gIhLlaVZpqbgpE1TtWkQudUM1w==",
      "requires": {
        "@tomato-js/array": "0.0.8",
        "@tomato-js/element": "0.0.8",
        "@tomato-js/env": "0.0.8",
        "@tomato-js/math": "0.0.8",
        "@tomato-js/object": "0.0.8",
        "@tomato-js/path": "0.0.8",
        "@tomato-js/shared": "0.0.8",
        "@tomato-js/string": "0.0.8"
      }
    },
    "@tomato-js/env": {
      "version": "0.0.8",
      "resolved": "https://registry.npmjs.org/@tomato-js/env/-/env-0.0.8.tgz",
      "integrity": "sha512-dLhnvPSkoo5InDxv2PVcztNdqbXpu1ysMtn48BvvrJYLSaysAVN6IQ2NelgRLCrn7OLJ042i8EVeQiJvDWqBXg==",
      "requires": {
        "@tomato-js/shared": "0.0.8"
      }
    },
    "@tomato-js/math": {
      "version": "0.0.8",
      "resolved": "https://registry.npmjs.org/@tomato-js/math/-/math-0.0.8.tgz",
      "integrity": "sha512-v2aFP6GjZ/WIpWdrconxp9Vx/xC2FvfbEyX+3zZUEq+EASyoB8TzSO+XaI/ptyQoLa9pQTiFOzoU2n+4YfxsGA==",
      "requires": {
        "@tomato-js/shared": "0.0.8"
      }
    },
    "@tomato-js/object": {
      "version": "0.0.8",
      "resolved": "https://registry.npmjs.org/@tomato-js/object/-/object-0.0.8.tgz",
      "integrity": "sha512-bLlSC0VjHlOY/nyOQL3XoUqwwScl6ETZLJ90mnuI0nbaaLQzkbdxzZ6PEw9K8GGWz/wmKLUAGgf5nUuLps9OfA==",
      "requires": {
        "@tomato-js/shared": "0.0.8"
      }
    },
    "@tomato-js/path": {
      "version": "0.0.8",
      "resolved": "https://registry.npmjs.org/@tomato-js/path/-/path-0.0.8.tgz",
      "integrity": "sha512-N6Jj6/6Qdx4W1B+UePgYGfzbSWfjUHHKU04L988Jt8etnCQs99pry3WFVMOg9LTJF3BbkcsjFsDE6NgnZSLQEw==",
      "requires": {
        "@tomato-js/env": "0.0.8",
        "@tomato-js/shared": "0.0.8",
        "@tomato-js/string": "0.0.8"
      }
    },
    "@tomato-js/shared": {
      "version": "0.0.8",
      "resolved": "https://registry.npmjs.org/@tomato-js/shared/-/shared-0.0.8.tgz",
      "integrity": "sha512-m6txhI609YblBfAeLkdwlUB3yQLj42S7BtASdfZdyQO46izoUKisP1d7VFKNjDcobiik5rtiTCysoCQcEklh7g=="
    },
    "@tomato-js/string": {
      "version": "0.0.8",
      "resolved": "https://registry.npmjs.org/@tomato-js/string/-/string-0.0.8.tgz",
      "integrity": "sha512-PzDUpdiY5+KAHjfnwcWyrjuwoWD9JOPiIsCRTvJlv7q+gQ8uJiYMjFCCkWl9CeZ6uO0b5DlY1ava9oeErk696g==",
      "requires": {
        "@tomato-js/shared": "0.0.8"
      }
    }
  }
}
