{
  "name": "all-in-commonjs",
  "version": "1.0.0",
  "lockfileVersion": 1,
  "requires": true,
  "dependencies": {
    "@tomato-js/element": {
      "version": "0.0.3",
      "resolved": "https://registry.npmjs.org/@tomato-js/element/-/element-0.0.3.tgz",
      "integrity": "sha512-Q09dDmzcHBcOH0jmzbToJ7ulfjT5vR8BOkiY6kD82VONlGREGGWwDDPYu+BrW068uyYsQUqhq9q22oWEfL5FlQ==",
      "requires": {
        "@tomato-js/shared": "0.0.3"
      }
    },
    "@tomato-js/env": {
      "version": "0.0.3",
      "resolved": "https://registry.npmjs.org/@tomato-js/env/-/env-0.0.3.tgz",
      "integrity": "sha512-ydtyDoeJhWnL1CVtnlmvaZBK9HW15JwxUvq/Q6QyrdnbjUaST4p+0T2KLh7dj3t2urqPRgn04ou9y2MUNY5lgQ==",
      "requires": {
        "@tomato-js/shared": "0.0.3"
      }
    },
    "@tomato-js/path": {
      "version": "0.0.3",
      "resolved": "https://registry.npmjs.org/@tomato-js/path/-/path-0.0.3.tgz",
      "integrity": "sha512-zrjFkVrgsFo1SlmupiBKoB85Gp1PnPFVCu2QXa0I8C3dFy2AYg6ieBAquRJHgUyRFRR2cDAl9FebkXn5oXiHqg==",
      "requires": {
        "@tomato-js/env": "0.0.3",
        "@tomato-js/shared": "0.0.3"
      }
    },
    "@tomato-js/shared": {
      "version": "0.0.3",
      "resolved": "https://registry.npmjs.org/@tomato-js/shared/-/shared-0.0.3.tgz",
      "integrity": "sha512-If/Qc+rh8/8InT33knZRqOF9ez0o1XFHjKJyyeCY/KpmjB6a7Yf5phH8q/D3OEVo5WajyMOVgjnhLjRA0BKeGg=="
    }
  }
}
